
Microsoft Visual Studio Solution File, Format Version 12.00
# Visual Studio Version 17
VisualStudioVersion = 17.2.32519.379
MinimumVisualStudioVersion = 10.0.40219.1
Project("{FAE04EC0-301F-11D3-BF4B-00C04F79EFBC}") = "project", "project\project.csproj", "{2374222C-81B7-49C7-B7C2-923D53F2A00E}"
EndProject
Global
	GlobalSection(SolutionConfigurationPlatforms) = preSolution
		Debug|Any CPU = Debug|Any CPU
		Release|Any CPU = Release|Any CPU
	EndGlobalSection
	GlobalSection(ProjectConfigurationPlatforms) = postSolution
		{2374222C-81B7-49C7-B7C2-923D53F2A00E}.Debug|Any CPU.ActiveCfg = Debug|Any CPU
		{2374222C-81B7-49C7-B7C2-923D53F2A00E}.Debug|Any CPU.Build.0 = Debug|Any CPU
		{2374222C-81B7-49C7-B7C2-923D53F2A00E}.Release|Any CPU.ActiveCfg = Release|Any CPU
		{2374222C-81B7-49C7-B7C2-923D53F2A00E}.Release|Any CPU.Build.0 = Release|Any CPU
	EndGlobalSection
	GlobalSection(SolutionProperties) = preSolution
		HideSolutionNode = FALSE
	EndGlobalSection
	GlobalSection(ExtensibilityGlobals) = postSolution
		SolutionGuid = {67E96AA1-1EF5-4B3E-AAB2-FEC664823602}
	EndGlobalSection
EndGlobal
